{
  "commit": "886de070dee2",
  "schema_version": "1.0.0",
  "generated_at": "1970-01-01T00:00:00Z",
  "sources": {
    "thpatch": {
      "cache_key": "git:435137ca0cb6",
      "license": "thpatch.net translation CC-BY-SA, game content © ZUN/Team Shanghai Alice"
    },
    "legacy_v2": {
      "cache_key": "sha256:a26a5c6c82f0b242",
      "license": "fan compilation (touhou_normalized_v2)"
    },
    "manual": {
      "cache_key": "sha256:3cb8e723ffa887db",
      "license": "user-provided"
    }
  },
  "entity_counts": {
    "games": 15,
    "characters": 180,
    "albums": 15,
    "tracks": 272,
    "books": 0
  }
}
